
Microsoft Visual Studio Solution File, Format Version 12.00
# Visual Studio 15
VisualStudioVersion = 15.0.27004.2009
MinimumVisualStudioVersion = 10.0.40219.1
Project("{FAE04EC0-301F-11D3-BF4B-00C04F79EFBC}") = "JFinace.Windows.WPF", "JFinace.Windows.WPF\JFinace.Windows.WPF.csproj", "{07098807-AE51-478F-803C-1DE332A6449B}"
EndProject
Project("{FAE04EC0-301F-11D3-BF4B-00C04F79EFBC}") = "JFinace.Mvvm", "JFinace.Mvvm\JFinace.Mvvm.csproj", "{986BBCA1-9D1E-4294-BBAA-74589E7A1CA7}"
EndProject
Project("{FAE04EC0-301F-11D3-BF4B-00C04F79EFBC}") = "JFinace.Windows.Universal", "JFinace.Windows.Universal\JFinace.Windows.Universal.csproj", "{9EC4021D-5332-4CCD-B4F0-32F1D639B61D}"
EndProject
Global
	GlobalSection(SolutionConfigurationPlatforms) = preSolution
		Debug|Any CPU = Debug|Any CPU
		Debug|ARM = Debug|ARM
		Debug|x64 = Debug|x64
		Debug|x86 = Debug|x86
		Release|Any CPU = Release|Any CPU
		Release|ARM = Release|ARM
		Release|x64 = Release|x64
		Release|x86 = Release|x86
	EndGlobalSection
	GlobalSection(ProjectConfigurationPlatforms) = postSolution
		{07098807-AE51-478F-803C-1DE332A6449B}.Debug|Any CPU.ActiveCfg = Debug|Any CPU
		{07098807-AE51-478F-803C-1DE332A6449B}.Debug|Any CPU.Build.0 = Debug|Any CPU
		{07098807-AE51-478F-803C-1DE332A6449B}.Debug|ARM.ActiveCfg = Debug|Any CPU
		{07098807-AE51-478F-803C-1DE332A6449B}.Debug|ARM.Build.0 = Debug|Any CPU
		{07098807-AE51-478F-803C-1DE332A6449B}.Debug|x64.ActiveCfg = Debug|Any CPU
		{07098807-AE51-478F-803C-1DE332A6449B}.Debug|x64.Build.0 = Debug|Any CPU
		{07098807-AE51-478F-803C-1DE332A6449B}.Debug|x86.ActiveCfg = Debug|Any CPU
		{07098807-AE51-478F-803C-1DE332A6449B}.Debug|x86.Build.0 = Debug|Any CPU
		{07098807-AE51-478F-803C-1DE332A6449B}.Release|Any CPU.ActiveCfg = Release|Any CPU
		{07098807-AE51-478F-803C-1DE332A6449B}.Release|Any CPU.Build.0 = Release|Any CPU
		{07098807-AE51-478F-803C-1DE332A6449B}.Release|ARM.ActiveCfg = Release|Any CPU
		{07098807-AE51-478F-803C-1DE332A6449B}.Release|ARM.Build.0 = Release|Any CPU
		{07098807-AE51-478F-803C-1DE332A6449B}.Release|x64.ActiveCfg = Release|Any CPU
		{07098807-AE51-478F-803C-1DE332A6449B}.Release|x64.Build.0 = Release|Any CPU
		{07098807-AE51-478F-803C-1DE332A6449B}.Release|x86.ActiveCfg = Release|Any CPU
		{07098807-AE51-478F-803C-1DE332A6449B}.Release|x86.Build.0 = Release|Any CPU
		{986BBCA1-9D1E-4294-BBAA-74589E7A1CA7}.Debug|Any CPU.ActiveCfg = Debug|Any CPU
		{986BBCA1-9D1E-4294-BBAA-74589E7A1CA7}.Debug|Any CPU.Build.0 = Debug|Any CPU
		{986BBCA1-9D1E-4294-BBAA-74589E7A1CA7}.Debug|ARM.ActiveCfg = Debug|Any CPU
		{986BBCA1-9D1E-4294-BBAA-74589E7A1CA7}.Debug|ARM.Build.0 = Debug|Any CPU
		{986BBCA1-9D1E-4294-BBAA-74589E7A1CA7}.Debug|x64.ActiveCfg = Debug|Any CPU
		{986BBCA1-9D1E-4294-BBAA-74589E7A1CA7}.Debug|x64.Build.0 = Debug|Any CPU
		{986BBCA1-9D1E-4294-BBAA-74589E7A1CA7}.Debug|x86.ActiveCfg = Debug|Any CPU
		{986BBCA1-9D1E-4294-BBAA-74589E7A1CA7}.Debug|x86.Build.0 = Debug|Any CPU
		{986BBCA1-9D1E-4294-BBAA-74589E7A1CA7}.Release|Any CPU.ActiveCfg = Release|Any CPU
		{986BBCA1-9D1E-4294-BBAA-74589E7A1CA7}.Release|Any CPU.Build.0 = Release|Any CPU
		{986BBCA1-9D1E-4294-BBAA-74589E7A1CA7}.Release|ARM.ActiveCfg = Release|Any CPU
		{986BBCA1-9D1E-4294-BBAA-74589E7A1CA7}.Release|ARM.Build.0 = Release|Any CPU
		{986BBCA1-9D1E-4294-BBAA-74589E7A1CA7}.Release|x64.ActiveCfg = Release|Any CPU
		{986BBCA1-9D1E-4294-BBAA-74589E7A1CA7}.Release|x64.Build.0 = Release|Any CPU
		{986BBCA1-9D1E-4294-BBAA-74589E7A1CA7}.Release|x86.ActiveCfg = Release|Any CPU
		{986BBCA1-9D1E-4294-BBAA-74589E7A1CA7}.Release|x86.Build.0 = Release|Any CPU
		{9EC4021D-5332-4CCD-B4F0-32F1D639B61D}.Debug|Any CPU.ActiveCfg = Debug|x86
		{9EC4021D-5332-4CCD-B4F0-32F1D639B61D}.Debug|ARM.ActiveCfg = Debug|ARM
		{9EC4021D-5332-4CCD-B4F0-32F1D639B61D}.Debug|ARM.Build.0 = Debug|ARM
		{9EC4021D-5332-4CCD-B4F0-32F1D639B61D}.Debug|ARM.Deploy.0 = Debug|ARM
		{9EC4021D-5332-4CCD-B4F0-32F1D639B61D}.Debug|x64.ActiveCfg = Debug|x64
		{9EC4021D-5332-4CCD-B4F0-32F1D639B61D}.Debug|x64.Build.0 = Debug|x64
		{9EC4021D-5332-4CCD-B4F0-32F1D639B61D}.Debug|x64.Deploy.0 = Debug|x64
		{9EC4021D-5332-4CCD-B4F0-32F1D639B61D}.Debug|x86.ActiveCfg = Debug|x86
		{9EC4021D-5332-4CCD-B4F0-32F1D639B61D}.Debug|x86.Build.0 = Debug|x86
		{9EC4021D-5332-4CCD-B4F0-32F1D639B61D}.Debug|x86.Deploy.0 = Debug|x86
		{9EC4021D-5332-4CCD-B4F0-32F1D639B61D}.Release|Any CPU.ActiveCfg = Release|x86
		{9EC4021D-5332-4CCD-B4F0-32F1D639B61D}.Release|ARM.ActiveCfg = Release|ARM
		{9EC4021D-5332-4CCD-B4F0-32F1D639B61D}.Release|ARM.Build.0 = Release|ARM
		{9EC4021D-5332-4CCD-B4F0-32F1D639B61D}.Release|ARM.Deploy.0 = Release|ARM
		{9EC4021D-5332-4CCD-B4F0-32F1D639B61D}.Release|x64.ActiveCfg = Release|x64
		{9EC4021D-5332-4CCD-B4F0-32F1D639B61D}.Release|x64.Build.0 = Release|x64
		{9EC4021D-5332-4CCD-B4F0-32F1D639B61D}.Release|x64.Deploy.0 = Release|x64
		{9EC4021D-5332-4CCD-B4F0-32F1D639B61D}.Release|x86.ActiveCfg = Release|x86
		{9EC4021D-5332-4CCD-B4F0-32F1D639B61D}.Release|x86.Build.0 = Release|x86
		{9EC4021D-5332-4CCD-B4F0-32F1D639B61D}.Release|x86.Deploy.0 = Release|x86
	EndGlobalSection
	GlobalSection(SolutionProperties) = preSolution
		HideSolutionNode = FALSE
	EndGlobalSection
	GlobalSection(ExtensibilityGlobals) = postSolution
		SolutionGuid = {F53DF6AF-BCC1-4028-8184-464006DC6C7A}
	EndGlobalSection
EndGlobal
