
Microsoft Visual Studio Solution File, Format Version 12.00
# Blend for Visual Studio 15
VisualStudioVersion = 15.0.27004.2009
MinimumVisualStudioVersion = 10.0.40219.1
Project("{FAE04EC0-301F-11D3-BF4B-00C04F79EFBC}") = "JFinace.Windows.WPF", "JFinace.Windows.WPF\JFinace.Windows.WPF.csproj", "{07098807-AE51-478F-803C-1DE332A6449B}"
EndProject
Project("{9A19103F-16F7-4668-BE54-9A1E7A4F7556}") = "JFinace.Mvvm", "JFinace.Mvvm\JFinace.Mvvm.csproj", "{986BBCA1-9D1E-4294-BBAA-74589E7A1CA7}"
EndProject
Project("{FAE04EC0-301F-11D3-BF4B-00C04F79EFBC}") = "JFinace.Data", "JFinace.Data\JFinace.Data.csproj", "{62029452-CAB5-492D-948D-4374D7D88FBE}"
EndProject
Project("{FAE04EC0-301F-11D3-BF4B-00C04F79EFBC}") = "JFinace.Extensions", "JFinace.Extensions\JFinace.Extensions.csproj", "{F47932D7-D886-4B64-A8C3-D8D87B581133}"
EndProject
Global
	GlobalSection(SolutionConfigurationPlatforms) = preSolution
		Debug|Any CPU = Debug|Any CPU
		Debug|ARM = Debug|ARM
		Debug|x64 = Debug|x64
		Debug|x86 = Debug|x86
		Release|Any CPU = Release|Any CPU
		Release|ARM = Release|ARM
		Release|x64 = Release|x64
		Release|x86 = Release|x86
	EndGlobalSection
	GlobalSection(ProjectConfigurationPlatforms) = postSolution
		{07098807-AE51-478F-803C-1DE332A6449B}.Debug|Any CPU.ActiveCfg = Debug|Any CPU
		{07098807-AE51-478F-803C-1DE332A6449B}.Debug|Any CPU.Build.0 = Debug|Any CPU
		{07098807-AE51-478F-803C-1DE332A6449B}.Debug|ARM.ActiveCfg = Debug|Any CPU
		{07098807-AE51-478F-803C-1DE332A6449B}.Debug|ARM.Build.0 = Debug|Any CPU
		{07098807-AE51-478F-803C-1DE332A6449B}.Debug|x64.ActiveCfg = Debug|Any CPU
		{07098807-AE51-478F-803C-1DE332A6449B}.Debug|x64.Build.0 = Debug|Any CPU
		{07098807-AE51-478F-803C-1DE332A6449B}.Debug|x86.ActiveCfg = Debug|Any CPU
		{07098807-AE51-478F-803C-1DE332A6449B}.Debug|x86.Build.0 = Debug|Any CPU
		{07098807-AE51-478F-803C-1DE332A6449B}.Release|Any CPU.ActiveCfg = Release|Any CPU
		{07098807-AE51-478F-803C-1DE332A6449B}.Release|Any CPU.Build.0 = Release|Any CPU
		{07098807-AE51-478F-803C-1DE332A6449B}.Release|ARM.ActiveCfg = Release|Any CPU
		{07098807-AE51-478F-803C-1DE332A6449B}.Release|ARM.Build.0 = Release|Any CPU
		{07098807-AE51-478F-803C-1DE332A6449B}.Release|x64.ActiveCfg = Release|Any CPU
		{07098807-AE51-478F-803C-1DE332A6449B}.Release|x64.Build.0 = Release|Any CPU
		{07098807-AE51-478F-803C-1DE332A6449B}.Release|x86.ActiveCfg = Release|Any CPU
		{07098807-AE51-478F-803C-1DE332A6449B}.Release|x86.Build.0 = Release|Any CPU
		{986BBCA1-9D1E-4294-BBAA-74589E7A1CA7}.Debug|Any CPU.ActiveCfg = Debug|Any CPU
		{986BBCA1-9D1E-4294-BBAA-74589E7A1CA7}.Debug|Any CPU.Build.0 = Debug|Any CPU
		{986BBCA1-9D1E-4294-BBAA-74589E7A1CA7}.Debug|ARM.ActiveCfg = Debug|Any CPU
		{986BBCA1-9D1E-4294-BBAA-74589E7A1CA7}.Debug|ARM.Build.0 = Debug|Any CPU
		{986BBCA1-9D1E-4294-BBAA-74589E7A1CA7}.Debug|x64.ActiveCfg = Debug|Any CPU
		{986BBCA1-9D1E-4294-BBAA-74589E7A1CA7}.Debug|x64.Build.0 = Debug|Any CPU
		{986BBCA1-9D1E-4294-BBAA-74589E7A1CA7}.Debug|x86.ActiveCfg = Debug|Any CPU
		{986BBCA1-9D1E-4294-BBAA-74589E7A1CA7}.Debug|x86.Build.0 = Debug|Any CPU
		{986BBCA1-9D1E-4294-BBAA-74589E7A1CA7}.Release|Any CPU.ActiveCfg = Release|Any CPU
		{986BBCA1-9D1E-4294-BBAA-74589E7A1CA7}.Release|Any CPU.Build.0 = Release|Any CPU
		{986BBCA1-9D1E-4294-BBAA-74589E7A1CA7}.Release|ARM.ActiveCfg = Release|Any CPU
		{986BBCA1-9D1E-4294-BBAA-74589E7A1CA7}.Release|ARM.Build.0 = Release|Any CPU
		{986BBCA1-9D1E-4294-BBAA-74589E7A1CA7}.Release|x64.ActiveCfg = Release|Any CPU
		{986BBCA1-9D1E-4294-BBAA-74589E7A1CA7}.Release|x64.Build.0 = Release|Any CPU
		{986BBCA1-9D1E-4294-BBAA-74589E7A1CA7}.Release|x86.ActiveCfg = Release|Any CPU
		{986BBCA1-9D1E-4294-BBAA-74589E7A1CA7}.Release|x86.Build.0 = Release|Any CPU
		{62029452-CAB5-492D-948D-4374D7D88FBE}.Debug|Any CPU.ActiveCfg = Debug|Any CPU
		{62029452-CAB5-492D-948D-4374D7D88FBE}.Debug|Any CPU.Build.0 = Debug|Any CPU
		{62029452-CAB5-492D-948D-4374D7D88FBE}.Debug|ARM.ActiveCfg = Debug|Any CPU
		{62029452-CAB5-492D-948D-4374D7D88FBE}.Debug|ARM.Build.0 = Debug|Any CPU
		{62029452-CAB5-492D-948D-4374D7D88FBE}.Debug|x64.ActiveCfg = Debug|Any CPU
		{62029452-CAB5-492D-948D-4374D7D88FBE}.Debug|x64.Build.0 = Debug|Any CPU
		{62029452-CAB5-492D-948D-4374D7D88FBE}.Debug|x86.ActiveCfg = Debug|Any CPU
		{62029452-CAB5-492D-948D-4374D7D88FBE}.Debug|x86.Build.0 = Debug|Any CPU
		{62029452-CAB5-492D-948D-4374D7D88FBE}.Release|Any CPU.ActiveCfg = Release|Any CPU
		{62029452-CAB5-492D-948D-4374D7D88FBE}.Release|Any CPU.Build.0 = Release|Any CPU
		{62029452-CAB5-492D-948D-4374D7D88FBE}.Release|ARM.ActiveCfg = Release|Any CPU
		{62029452-CAB5-492D-948D-4374D7D88FBE}.Release|ARM.Build.0 = Release|Any CPU
		{62029452-CAB5-492D-948D-4374D7D88FBE}.Release|x64.ActiveCfg = Release|Any CPU
		{62029452-CAB5-492D-948D-4374D7D88FBE}.Release|x64.Build.0 = Release|Any CPU
		{62029452-CAB5-492D-948D-4374D7D88FBE}.Release|x86.ActiveCfg = Release|Any CPU
		{62029452-CAB5-492D-948D-4374D7D88FBE}.Release|x86.Build.0 = Release|Any CPU
		{F47932D7-D886-4B64-A8C3-D8D87B581133}.Debug|Any CPU.ActiveCfg = Debug|Any CPU
		{F47932D7-D886-4B64-A8C3-D8D87B581133}.Debug|Any CPU.Build.0 = Debug|Any CPU
		{F47932D7-D886-4B64-A8C3-D8D87B581133}.Debug|ARM.ActiveCfg = Debug|Any CPU
		{F47932D7-D886-4B64-A8C3-D8D87B581133}.Debug|ARM.Build.0 = Debug|Any CPU
		{F47932D7-D886-4B64-A8C3-D8D87B581133}.Debug|x64.ActiveCfg = Debug|Any CPU
		{F47932D7-D886-4B64-A8C3-D8D87B581133}.Debug|x64.Build.0 = Debug|Any CPU
		{F47932D7-D886-4B64-A8C3-D8D87B581133}.Debug|x86.ActiveCfg = Debug|Any CPU
		{F47932D7-D886-4B64-A8C3-D8D87B581133}.Debug|x86.Build.0 = Debug|Any CPU
		{F47932D7-D886-4B64-A8C3-D8D87B581133}.Release|Any CPU.ActiveCfg = Release|Any CPU
		{F47932D7-D886-4B64-A8C3-D8D87B581133}.Release|Any CPU.Build.0 = Release|Any CPU
		{F47932D7-D886-4B64-A8C3-D8D87B581133}.Release|ARM.ActiveCfg = Release|Any CPU
		{F47932D7-D886-4B64-A8C3-D8D87B581133}.Release|ARM.Build.0 = Release|Any CPU
		{F47932D7-D886-4B64-A8C3-D8D87B581133}.Release|x64.ActiveCfg = Release|Any CPU
		{F47932D7-D886-4B64-A8C3-D8D87B581133}.Release|x64.Build.0 = Release|Any CPU
		{F47932D7-D886-4B64-A8C3-D8D87B581133}.Release|x86.ActiveCfg = Release|Any CPU
		{F47932D7-D886-4B64-A8C3-D8D87B581133}.Release|x86.Build.0 = Release|Any CPU
	EndGlobalSection
	GlobalSection(SolutionProperties) = preSolution
		HideSolutionNode = FALSE
	EndGlobalSection
	GlobalSection(ExtensibilityGlobals) = postSolution
		SolutionGuid = {F53DF6AF-BCC1-4028-8184-464006DC6C7A}
	EndGlobalSection
EndGlobal
